// !$*UTF8*$!
{
	archiveVersion = 1;
	classes = {
	};
	objectVersion = 55;
	objects = {

/* Begin PBXBuildFile section */
		5070CD2A2814076500E9D8A1 /* HomeViewController.swift in Sources */ = {isa = PBXBuildFile; fileRef = 5070CD292814076500E9D8A1 /* HomeViewController.swift */; };
		5070CD2C28140AB000E9D8A1 /* ErrorCases.swift in Sources */ = {isa = PBXBuildFile; fileRef = 5070CD2B28140AB000E9D8A1 /* ErrorCases.swift */; };
		5070CD532816239E00E9D8A1 /* AnnonceCollectionViewCell.swift in Sources */ = {isa = PBXBuildFile; fileRef = 5070CD522816239E00E9D8A1 /* AnnonceCollectionViewCell.swift */; };
		50EFFA8828129AC80015907E /* AppDelegate.swift in Sources */ = {isa = PBXBuildFile; fileRef = 50EFFA8728129AC80015907E /* AppDelegate.swift */; };
		50EFFA8A28129AC80015907E /* SceneDelegate.swift in Sources */ = {isa = PBXBuildFile; fileRef = 50EFFA8928129AC80015907E /* SceneDelegate.swift */; };
		50EFFA8C28129AC80015907E /* ListViewController.swift in Sources */ = {isa = PBXBuildFile; fileRef = 50EFFA8B28129AC80015907E /* ListViewController.swift */; };
		50EFFA8F28129AC80015907E /* Main.storyboard in Resources */ = {isa = PBXBuildFile; fileRef = 50EFFA8D28129AC80015907E /* Main.storyboard */; };
		50EFFA9228129AC80015907E /* Leboncoin.xcdatamodeld in Sources */ = {isa = PBXBuildFile; fileRef = 50EFFA9028129AC80015907E /* Leboncoin.xcdatamodeld */; };
		50EFFA9428129ACA0015907E /* Assets.xcassets in Resources */ = {isa = PBXBuildFile; fileRef = 50EFFA9328129ACA0015907E /* Assets.xcassets */; };
		50EFFA9728129ACA0015907E /* LaunchScreen.storyboard in Resources */ = {isa = PBXBuildFile; fileRef = 50EFFA9528129ACA0015907E /* LaunchScreen.storyboard */; };
		50EFFAA22812A1950015907E /* DataService.swift in Sources */ = {isa = PBXBuildFile; fileRef = 50EFFAA12812A1950015907E /* DataService.swift */; };
		50EFFAA42812B9D80015907E /* Annonce.swift in Sources */ = {isa = PBXBuildFile; fileRef = 50EFFAA32812B9D80015907E /* Annonce.swift */; };
/* End PBXBuildFile section */

/* Begin PBXFileReference section */
		5070CD292814076500E9D8A1 /* HomeViewController.swift */ = {isa = PBXFileReference; lastKnownFileType = sourcecode.swift; path = HomeViewController.swift; sourceTree = "<group>"; };
		5070CD2B28140AB000E9D8A1 /* ErrorCases.swift */ = {isa = PBXFileReference; lastKnownFileType = sourcecode.swift; path = ErrorCases.swift; sourceTree = "<group>"; };
		5070CD522816239E00E9D8A1 /* AnnonceCollectionViewCell.swift */ = {isa = PBXFileReference; lastKnownFileType = sourcecode.swift; path = AnnonceCollectionViewCell.swift; sourceTree = "<group>"; };
		50EFFA8428129AC80015907E /* Leboncoin.app */ = {isa = PBXFileReference; explicitFileType = wrapper.application; includeInIndex = 0; path = Leboncoin.app; sourceTree = BUILT_PRODUCTS_DIR; };
		50EFFA8728129AC80015907E /* AppDelegate.swift */ = {isa = PBXFileReference; lastKnownFileType = sourcecode.swift; path = AppDelegate.swift; sourceTree = "<group>"; };
		50EFFA8928129AC80015907E /* SceneDelegate.swift */ = {isa = PBXFileReference; lastKnownFileType = sourcecode.swift; path = SceneDelegate.swift; sourceTree = "<group>"; };
		50EFFA8B28129AC80015907E /* ListViewController.swift */ = {isa = PBXFileReference; lastKnownFileType = sourcecode.swift; path = ListViewController.swift; sourceTree = "<group>"; };
		50EFFA8E28129AC80015907E /* Base */ = {isa = PBXFileReference; lastKnownFileType = file.storyboard; name = Base; path = Base.lproj/Main.storyboard; sourceTree = "<group>"; };
		50EFFA9128129AC80015907E /* Leboncoin.xcdatamodel */ = {isa = PBXFileReference; lastKnownFileType = wrapper.xcdatamodel; path = Leboncoin.xcdatamodel; sourceTree = "<group>"; };
		50EFFA9328129ACA0015907E /* Assets.xcassets */ = {isa = PBXFileReference; lastKnownFileType = folder.assetcatalog; path = Assets.xcassets; sourceTree = "<group>"; };
		50EFFA9628129ACA0015907E /* Base */ = {isa = PBXFileReference; lastKnownFileType = file.storyboard; name = Base; path = Base.lproj/LaunchScreen.storyboard; sourceTree = "<group>"; };
		50EFFA9828129ACA0015907E /* Info.plist */ = {isa = PBXFileReference; lastKnownFileType = text.plist.xml; path = Info.plist; sourceTree = "<group>"; };
		50EFFAA12812A1950015907E /* DataService.swift */ = {isa = PBXFileReference; lastKnownFileType = sourcecode.swift; path = DataService.swift; sourceTree = "<group>"; };
		50EFFAA32812B9D80015907E /* Annonce.swift */ = {isa = PBXFileReference; lastKnownFileType = sourcecode.swift; path = Annonce.swift; sourceTree = "<group>"; };
/* End PBXFileReference section */

/* Begin PBXFrameworksBuildPhase section */
		50EFFA8128129AC80015907E /* Frameworks */ = {
			isa = PBXFrameworksBuildPhase;
			buildActionMask = 2147483647;
			files = (
			);
			runOnlyForDeploymentPostprocessing = 0;
		};
/* End PBXFrameworksBuildPhase section */

/* Begin PBXGroup section */
		50EFFA7B28129AC80015907E = {
			isa = PBXGroup;
			children = (
				50EFFA8628129AC80015907E /* Leboncoin */,
				50EFFA8528129AC80015907E /* Products */,
			);
			sourceTree = "<group>";
		};
		50EFFA8528129AC80015907E /* Products */ = {
			isa = PBXGroup;
			children = (
				50EFFA8428129AC80015907E /* Leboncoin.app */,
			);
			name = Products;
			sourceTree = "<group>";
		};
		50EFFA8628129AC80015907E /* Leboncoin */ = {
			isa = PBXGroup;
			children = (
				50EFFAA028129FFE0015907E /* Controller */,
				50EFFA9F28129FF30015907E /* View */,
				50EFFA9E28129FEA0015907E /* Model */,
				50EFFA9328129ACA0015907E /* Assets.xcassets */,
				50EFFA9528129ACA0015907E /* LaunchScreen.storyboard */,
				50EFFA9828129ACA0015907E /* Info.plist */,
				50EFFA9028129AC80015907E /* Leboncoin.xcdatamodeld */,
			);
			path = Leboncoin;
			sourceTree = "<group>";
		};
		50EFFA9E28129FEA0015907E /* Model */ = {
			isa = PBXGroup;
			children = (
				50EFFA8728129AC80015907E /* AppDelegate.swift */,
				50EFFA8928129AC80015907E /* SceneDelegate.swift */,
				50EFFAA12812A1950015907E /* DataService.swift */,
				50EFFAA32812B9D80015907E /* Annonce.swift */,
				5070CD2B28140AB000E9D8A1 /* ErrorCases.swift */,
			);
			path = Model;
			sourceTree = "<group>";
		};
		50EFFA9F28129FF30015907E /* View */ = {
			isa = PBXGroup;
			children = (
				50EFFA8D28129AC80015907E /* Main.storyboard */,
				5070CD522816239E00E9D8A1 /* AnnonceCollectionViewCell.swift */,
			);
			path = View;
			sourceTree = "<group>";
		};
		50EFFAA028129FFE0015907E /* Controller */ = {
			isa = PBXGroup;
			children = (
				50EFFA8B28129AC80015907E /* ListViewController.swift */,
				5070CD292814076500E9D8A1 /* HomeViewController.swift */,
			);
			path = Controller;
			sourceTree = "<group>";
		};
/* End PBXGroup section */

/* Begin PBXNativeTarget section */
		50EFFA8328129AC80015907E /* Leboncoin */ = {
			isa = PBXNativeTarget;
			buildConfigurationList = 50EFFA9B28129ACA0015907E /* Build configuration list for PBXNativeTarget "Leboncoin" */;
			buildPhases = (
				50EFFA8028129AC80015907E /* Sources */,
				50EFFA8128129AC80015907E /* Frameworks */,
				50EFFA8228129AC80015907E /* Resources */,
			);
			buildRules = (
			);
			dependencies = (
			);
			name = Leboncoin;
			productName = Leboncoin;
			productReference = 50EFFA8428129AC80015907E /* Leboncoin.app */;
			productType = "com.apple.product-type.application";
		};
/* End PBXNativeTarget section */

/* Begin PBXProject section */
		50EFFA7C28129AC80015907E /* Project object */ = {
			isa = PBXProject;
			attributes = {
				BuildIndependentTargetsInParallel = 1;
				LastSwiftUpdateCheck = 1320;
				LastUpgradeCheck = 1320;
				TargetAttributes = {
					50EFFA8328129AC80015907E = {
						CreatedOnToolsVersion = 13.2.1;
					};
				};
			};
			buildConfigurationList = 50EFFA7F28129AC80015907E /* Build configuration list for PBXProject "Leboncoin" */;
			compatibilityVersion = "Xcode 13.0";
			developmentRegion = en;
			hasScannedForEncodings = 0;
			knownRegions = (
				en,
				Base,
			);
			mainGroup = 50EFFA7B28129AC80015907E;
			productRefGroup = 50EFFA8528129AC80015907E /* Products */;
			projectDirPath = "";
			projectRoot = "";
			targets = (
				50EFFA8328129AC80015907E /* Leboncoin */,
			);
		};
/* End PBXProject section */

/* Begin PBXResourcesBuildPhase section */
		50EFFA8228129AC80015907E /* Resources */ = {
			isa = PBXResourcesBuildPhase;
			buildActionMask = 2147483647;
			files = (
				50EFFA9728129ACA0015907E /* LaunchScreen.storyboard in Resources */,
				50EFFA9428129ACA0015907E /* Assets.xcassets in Resources */,
				50EFFA8F28129AC80015907E /* Main.storyboard in Resources */,
			);
			runOnlyForDeploymentPostprocessing = 0;
		};
/* End PBXResourcesBuildPhase section */

/* Begin PBXSourcesBuildPhase section */
		50EFFA8028129AC80015907E /* Sources */ = {
			isa = PBXSourcesBuildPhase;
			buildActionMask = 2147483647;
			files = (
				50EFFA8C28129AC80015907E /* ListViewController.swift in Sources */,
				50EFFA8828129AC80015907E /* AppDelegate.swift in Sources */,
				50EFFA8A28129AC80015907E /* SceneDelegate.swift in Sources */,
				5070CD2A2814076500E9D8A1 /* HomeViewController.swift in Sources */,
				5070CD2C28140AB000E9D8A1 /* ErrorCases.swift in Sources */,
				50EFFA9228129AC80015907E /* Leboncoin.xcdatamodeld in Sources */,
				5070CD532816239E00E9D8A1 /* AnnonceCollectionViewCell.swift in Sources */,
				50EFFAA42812B9D80015907E /* Annonce.swift in Sources */,
				50EFFAA22812A1950015907E /* DataService.swift in Sources */,
			);
			runOnlyForDeploymentPostprocessing = 0;
		};
/* End PBXSourcesBuildPhase section */

/* Begin PBXVariantGroup section */
		50EFFA8D28129AC80015907E /* Main.storyboard */ = {
			isa = PBXVariantGroup;
			children = (
				50EFFA8E28129AC80015907E /* Base */,
			);
			name = Main.storyboard;
			sourceTree = "<group>";
		};
		50EFFA9528129ACA0015907E /* LaunchScreen.storyboard */ = {
			isa = PBXVariantGroup;
			children = (
				50EFFA9628129ACA0015907E /* Base */,
			);
			name = LaunchScreen.storyboard;
			sourceTree = "<group>";
		};
/* End PBXVariantGroup section */

/* Begin XCBuildConfiguration section */
		50EFFA9928129ACA0015907E /* Debug */ = {
			isa = XCBuildConfiguration;
			buildSettings = {
				ALWAYS_SEARCH_USER_PATHS = NO;
				CLANG_ANALYZER_NONNULL = YES;
				CLANG_ANALYZER_NUMBER_OBJECT_CONVERSION = YES_AGGRESSIVE;
				CLANG_CXX_LANGUAGE_STANDARD = "gnu++17";
				CLANG_CXX_LIBRARY = "libc++";
				CLANG_ENABLE_MODULES = YES;
				CLANG_ENABLE_OBJC_ARC = YES;
				CLANG_ENABLE_OBJC_WEAK = YES;
				CLANG_WARN_BLOCK_CAPTURE_AUTORELEASING = YES;
				CLANG_WARN_BOOL_CONVERSION = YES;
				CLANG_WARN_COMMA = YES;
				CLANG_WARN_CONSTANT_CONVERSION = YES;
				CLANG_WARN_DEPRECATED_OBJC_IMPLEMENTATIONS = YES;
				CLANG_WARN_DIRECT_OBJC_ISA_USAGE = YES_ERROR;
				CLANG_WARN_DOCUMENTATION_COMMENTS = YES;
				CLANG_WARN_EMPTY_BODY = YES;
				CLANG_WARN_ENUM_CONVERSION = YES;
				CLANG_WARN_INFINITE_RECURSION = YES;
				CLANG_WARN_INT_CONVERSION = YES;
				CLANG_WARN_NON_LITERAL_NULL_CONVERSION = YES;
				CLANG_WARN_OBJC_IMPLICIT_RETAIN_SELF = YES;
				CLANG_WARN_OBJC_LITERAL_CONVERSION = YES;
				CLANG_WARN_OBJC_ROOT_CLASS = YES_ERROR;
				CLANG_WARN_QUOTED_INCLUDE_IN_FRAMEWORK_HEADER = YES;
				CLANG_WARN_RANGE_LOOP_ANALYSIS = YES;
				CLANG_WARN_STRICT_PROTOTYPES = YES;
				CLANG_WARN_SUSPICIOUS_MOVE = YES;
				CLANG_WARN_UNGUARDED_AVAILABILITY = YES_AGGRESSIVE;
				CLANG_WARN_UNREACHABLE_CODE = YES;
				CLANG_WARN__DUPLICATE_METHOD_MATCH = YES;
				COPY_PHASE_STRIP = NO;
				DEBUG_INFORMATION_FORMAT = dwarf;
				ENABLE_STRICT_OBJC_MSGSEND = YES;
				ENABLE_TESTABILITY = YES;
				GCC_C_LANGUAGE_STANDARD = gnu11;
				GCC_DYNAMIC_NO_PIC = NO;
				GCC_NO_COMMON_BLOCKS = YES;
				GCC_OPTIMIZATION_LEVEL = 0;
				GCC_PREPROCESSOR_DEFINITIONS = (
					"DEBUG=1",
					"$(inherited)",
				);
				GCC_WARN_64_TO_32_BIT_CONVERSION = YES;
				GCC_WARN_ABOUT_RETURN_TYPE = YES_ERROR;
				GCC_WARN_UNDECLARED_SELECTOR = YES;
				GCC_WARN_UNINITIALIZED_AUTOS = YES_AGGRESSIVE;
				GCC_WARN_UNUSED_FUNCTION = YES;
				GCC_WARN_UNUSED_VARIABLE = YES;
				IPHONEOS_DEPLOYMENT_TARGET = 15.2;
				MTL_ENABLE_DEBUG_INFO = INCLUDE_SOURCE;
				MTL_FAST_MATH = YES;
				ONLY_ACTIVE_ARCH = YES;
				SDKROOT = iphoneos;
				SWIFT_ACTIVE_COMPILATION_CONDITIONS = DEBUG;
				SWIFT_OPTIMIZATION_LEVEL = "-Onone";
			};
			name = Debug;
		};
		50EFFA9A28129ACA0015907E /* Release */ = {
			isa = XCBuildConfiguration;
			buildSettings = {
				ALWAYS_SEARCH_USER_PATHS = NO;
				CLANG_ANALYZER_NONNULL = YES;
				CLANG_ANALYZER_NUMBER_OBJECT_CONVERSION = YES_AGGRESSIVE;
				CLANG_CXX_LANGUAGE_STANDARD = "gnu++17";
				CLANG_CXX_LIBRARY = "libc++";
				CLANG_ENABLE_MODULES = YES;
				CLANG_ENABLE_OBJC_ARC = YES;
				CLANG_ENABLE_OBJC_WEAK = YES;
				CLANG_WARN_BLOCK_CAPTURE_AUTORELEASING = YES;
				CLANG_WARN_BOOL_CONVERSION = YES;
				CLANG_WARN_COMMA = YES;
				CLANG_WARN_CONSTANT_CONVERSION = YES;
				CLANG_WARN_DEPRECATED_OBJC_IMPLEMENTATIONS = YES;
				CLANG_WARN_DIRECT_OBJC_ISA_USAGE = YES_ERROR;
				CLANG_WARN_DOCUMENTATION_COMMENTS = YES;
				CLANG_WARN_EMPTY_BODY = YES;
				CLANG_WARN_ENUM_CONVERSION = YES;
				CLANG_WARN_INFINITE_RECURSION = YES;
				CLANG_WARN_INT_CONVERSION = YES;
				CLANG_WARN_NON_LITERAL_NULL_CONVERSION = YES;
				CLANG_WARN_OBJC_IMPLICIT_RETAIN_SELF = YES;
				CLANG_WARN_OBJC_LITERAL_CONVERSION = YES;
				CLANG_WARN_OBJC_ROOT_CLASS = YES_ERROR;
				CLANG_WARN_QUOTED_INCLUDE_IN_FRAMEWORK_HEADER = YES;
				CLANG_WARN_RANGE_LOOP_ANALYSIS = YES;
				CLANG_WARN_STRICT_PROTOTYPES = YES;
				CLANG_WARN_SUSPICIOUS_MOVE = YES;
				CLANG_WARN_UNGUARDED_AVAILABILITY = YES_AGGRESSIVE;
				CLANG_WARN_UNREACHABLE_CODE = YES;
				CLANG_WARN__DUPLICATE_METHOD_MATCH = YES;
				COPY_PHASE_STRIP = NO;
				DEBUG_INFORMATION_FORMAT = "dwarf-with-dsym";
				ENABLE_NS_ASSERTIONS = NO;
				ENABLE_STRICT_OBJC_MSGSEND = YES;
				GCC_C_LANGUAGE_STANDARD = gnu11;
				GCC_NO_COMMON_BLOCKS = YES;
				GCC_WARN_64_TO_32_BIT_CONVERSION = YES;
				GCC_WARN_ABOUT_RETURN_TYPE = YES_ERROR;
				GCC_WARN_UNDECLARED_SELECTOR = YES;
				GCC_WARN_UNINITIALIZED_AUTOS = YES_AGGRESSIVE;
				GCC_WARN_UNUSED_FUNCTION = YES;
				GCC_WARN_UNUSED_VARIABLE = YES;
				IPHONEOS_DEPLOYMENT_TARGET = 15.2;
				MTL_ENABLE_DEBUG_INFO = NO;
				MTL_FAST_MATH = YES;
				SDKROOT = iphoneos;
				SWIFT_COMPILATION_MODE = wholemodule;
				SWIFT_OPTIMIZATION_LEVEL = "-O";
				VALIDATE_PRODUCT = YES;
			};
			name = Release;
		};
		50EFFA9C28129ACA0015907E /* Debug */ = {
			isa = XCBuildConfiguration;
			buildSettings = {
				ASSETCATALOG_COMPILER_APPICON_NAME = AppIcon;
				ASSETCATALOG_COMPILER_GLOBAL_ACCENT_COLOR_NAME = AccentColor;
				CODE_SIGN_STYLE = Automatic;
				CURRENT_PROJECT_VERSION = 1;
				DEVELOPMENT_TEAM = Y58Z6SU34C;
				GENERATE_INFOPLIST_FILE = YES;
				INFOPLIST_FILE = Leboncoin/Info.plist;
				INFOPLIST_KEY_UIApplicationSupportsIndirectInputEvents = YES;
				INFOPLIST_KEY_UILaunchStoryboardName = LaunchScreen;
				INFOPLIST_KEY_UIMainStoryboardFile = Main;
				INFOPLIST_KEY_UISupportedInterfaceOrientations_iPad = "UIInterfaceOrientationPortrait UIInterfaceOrientationPortraitUpsideDown UIInterfaceOrientationLandscapeLeft UIInterfaceOrientationLandscapeRight";
				INFOPLIST_KEY_UISupportedInterfaceOrientations_iPhone = "UIInterfaceOrientationPortrait UIInterfaceOrientationLandscapeLeft UIInterfaceOrientationLandscapeRight";
				LD_RUNPATH_SEARCH_PATHS = (
					"$(inherited)",
					"@executable_path/Frameworks",
				);
				MARKETING_VERSION = 1.0;
				PRODUCT_BUNDLE_IDENTIFIER = "com-mohsylla.Leboncoin";
				PRODUCT_NAME = "$(TARGET_NAME)";
				SWIFT_EMIT_LOC_STRINGS = YES;
				SWIFT_VERSION = 5.0;
				TARGETED_DEVICE_FAMILY = "1,2";
			};
			name = Debug;
		};
		50EFFA9D28129ACA0015907E /* Release */ = {
			isa = XCBuildConfiguration;
			buildSettings = {
				ASSETCATALOG_COMPILER_APPICON_NAME = AppIcon;
				ASSETCATALOG_COMPILER_GLOBAL_ACCENT_COLOR_NAME = AccentColor;
				CODE_SIGN_STYLE = Automatic;
				CURRENT_PROJECT_VERSION = 1;
				DEVELOPMENT_TEAM = Y58Z6SU34C;
				GENERATE_INFOPLIST_FILE = YES;
				INFOPLIST_FILE = Leboncoin/Info.plist;
				INFOPLIST_KEY_UIApplicationSupportsIndirectInputEvents = YES;
				INFOPLIST_KEY_UILaunchStoryboardName = LaunchScreen;
				INFOPLIST_KEY_UIMainStoryboardFile = Main;
				INFOPLIST_KEY_UISupportedInterfaceOrientations_iPad = "UIInterfaceOrientationPortrait UIInterfaceOrientationPortraitUpsideDown UIInterfaceOrientationLandscapeLeft UIInterfaceOrientationLandscapeRight";
				INFOPLIST_KEY_UISupportedInterfaceOrientations_iPhone = "UIInterfaceOrientationPortrait UIInterfaceOrientationLandscapeLeft UIInterfaceOrientationLandscapeRight";
				LD_RUNPATH_SEARCH_PATHS = (
					"$(inherited)",
					"@executable_path/Frameworks",
				);
				MARKETING_VERSION = 1.0;
				PRODUCT_BUNDLE_IDENTIFIER = "com-mohsylla.Leboncoin";
				PRODUCT_NAME = "$(TARGET_NAME)";
				SWIFT_EMIT_LOC_STRINGS = YES;
				SWIFT_VERSION = 5.0;
				TARGETED_DEVICE_FAMILY = "1,2";
			};
			name = Release;
		};
/* End XCBuildConfiguration section */

/* Begin XCConfigurationList section */
		50EFFA7F28129AC80015907E /* Build configuration list for PBXProject "Leboncoin" */ = {
			isa = XCConfigurationList;
			buildConfigurations = (
				50EFFA9928129ACA0015907E /* Debug */,
				50EFFA9A28129ACA0015907E /* Release */,
			);
			defaultConfigurationIsVisible = 0;
			defaultConfigurationName = Release;
		};
		50EFFA9B28129ACA0015907E /* Build configuration list for PBXNativeTarget "Leboncoin" */ = {
			isa = XCConfigurationList;
			buildConfigurations = (
				50EFFA9C28129ACA0015907E /* Debug */,
				50EFFA9D28129ACA0015907E /* Release */,
			);
			defaultConfigurationIsVisible = 0;
			defaultConfigurationName = Release;
		};
/* End XCConfigurationList section */

/* Begin XCVersionGroup section */
		50EFFA9028129AC80015907E /* Leboncoin.xcdatamodeld */ = {
			isa = XCVersionGroup;
			children = (
				50EFFA9128129AC80015907E /* Leboncoin.xcdatamodel */,
			);
			currentVersion = 50EFFA9128129AC80015907E /* Leboncoin.xcdatamodel */;
			path = Leboncoin.xcdatamodeld;
			sourceTree = "<group>";
			versionGroupType = wrapper.xcdatamodel;
		};
/* End XCVersionGroup section */
	};
	rootObject = 50EFFA7C28129AC80015907E /* Project object */;
}
